
Microsoft Visual Studio Solution File, Format Version 12.00
# Visual Studio Version 17
VisualStudioVersion = 17.12.35323.107
MinimumVisualStudioVersion = 10.0.40219.1
Project("{FAE04EC0-301F-11D3-BF4B-00C04F79EFBC}") = "01-Intro", "01-Intro\01-Intro.csproj", "{176B4AF9-EAB9-4502-8ADB-F6F5133807D0}"
EndProject
Global
	GlobalSection(SolutionConfigurationPlatforms) = preSolution
		Debug|Any CPU = Debug|Any CPU
		Release|Any CPU = Release|Any CPU
	EndGlobalSection
	GlobalSection(ProjectConfigurationPlatforms) = postSolution
		{176B4AF9-EAB9-4502-8ADB-F6F5133807D0}.Debug|Any CPU.ActiveCfg = Debug|Any CPU
		{176B4AF9-EAB9-4502-8ADB-F6F5133807D0}.Debug|Any CPU.Build.0 = Debug|Any CPU
		{176B4AF9-EAB9-4502-8ADB-F6F5133807D0}.Release|Any CPU.ActiveCfg = Release|Any CPU
		{176B4AF9-EAB9-4502-8ADB-F6F5133807D0}.Release|Any CPU.Build.0 = Release|Any CPU
	EndGlobalSection
	GlobalSection(SolutionProperties) = preSolution
		HideSolutionNode = FALSE
	EndGlobalSection
	GlobalSection(ExtensibilityGlobals) = postSolution
		SolutionGuid = {DDD0E99C-6874-4A2F-913C-DFEA5E2C5177}
	EndGlobalSection
EndGlobal
